# THIS IS AN AUTOGENERATED FILE. DO NOT EDIT THIS FILE DIRECTLY.
# yarn lockfile v1


nan@^2.0.9:
  version "2.12.1"
  resolved "https://registry.yarnpkg.com/nan/-/nan-2.12.1.tgz#7b1aa193e9aa86057e3c7bbd0ac448e770925552"
  integrity sha512-JY7V6lRkStKcKTvHO5NVSQRv+RV+FIL5pvDoLiAtSL9pKlC5x9PKQcZDsq7m4FO4d57mkhC6Z+QhAh3Jdk5JFw==

node-hid@^0.4.0:
  version "0.4.1"
  resolved "https://registry.yarnpkg.com/node-hid/-/node-hid-0.4.1.tgz#a7c2277fad8c01b6a2b8d05b58ae853c7a2669e2"
  integrity sha1-p8Inf62MAbaiuNBbWK6FPHomaeI=
  dependencies:
    nan "^2.0.9"

one-time@0.0.4:
  version "0.0.4"
  resolved "https://registry.yarnpkg.com/one-time/-/one-time-0.0.4.tgz#f8cdf77884826fe4dff93e3a9cc37b1e4480742e"
  integrity sha1-+M33eISCb+Tf+T46nMN7HkSAdC4=

say@^0.15.0:
  version "0.15.0"
  resolved "https://registry.yarnpkg.com/say/-/say-0.15.0.tgz#ca0d7b88a06cfc485aaa82287b263c31a0d33e75"
  integrity sha512-X/vJ/ETDUnU0WZVJ1HA6AHzJJzT0PvFuZyThJ76wkqwsgcgvqJVH3tf+EqHdDBgANdYUEEmqzYo6I31cvT08pQ==
  dependencies:
    one-time "0.0.4"
